
Microsoft Visual Studio Solution File, Format Version 12.00
# Visual Studio Version 16
VisualStudioVersion = 16.0.28803.156
MinimumVisualStudioVersion = 10.0.40219.1
Project("{FAE04EC0-301F-11D3-BF4B-00C04F79EFBC}") = "TestingXamarinEssentials", "TestingXamarinEssentials\TestingXamarinEssentials.csproj", "{55470FE4-A048-4162-8390-EDA9E47F2CCB}"
EndProject
Global
	GlobalSection(SolutionConfigurationPlatforms) = preSolution
		Debug|Any CPU = Debug|Any CPU
		Release|Any CPU = Release|Any CPU
	EndGlobalSection
	GlobalSection(ProjectConfigurationPlatforms) = postSolution
		{55470FE4-A048-4162-8390-EDA9E47F2CCB}.Debug|Any CPU.ActiveCfg = Debug|Any CPU
		{55470FE4-A048-4162-8390-EDA9E47F2CCB}.Debug|Any CPU.Build.0 = Debug|Any CPU
		{55470FE4-A048-4162-8390-EDA9E47F2CCB}.Debug|Any CPU.Deploy.0 = Debug|Any CPU
		{55470FE4-A048-4162-8390-EDA9E47F2CCB}.Release|Any CPU.ActiveCfg = Release|Any CPU
		{55470FE4-A048-4162-8390-EDA9E47F2CCB}.Release|Any CPU.Build.0 = Release|Any CPU
		{55470FE4-A048-4162-8390-EDA9E47F2CCB}.Release|Any CPU.Deploy.0 = Release|Any CPU
	EndGlobalSection
	GlobalSection(SolutionProperties) = preSolution
		HideSolutionNode = FALSE
	EndGlobalSection
	GlobalSection(ExtensibilityGlobals) = postSolution
		SolutionGuid = {4DD51F00-85FE-4912-AFBC-25C7394312CA}
	EndGlobalSection
EndGlobal
